
Microsoft Visual Studio Solution File, Format Version 12.00
# Visual Studio Version 17
VisualStudioVersion = 17.4.33213.308
MinimumVisualStudioVersion = 10.0.40219.1
Project("{9A19103F-16F7-4668-BE54-9A1E7A4F7556}") = "SimgAPI", "SimgAPI\SimgAPI.csproj", "{0703657C-0A53-4A4A-9436-44C828938E14}"
EndProject
Project("{FAE04EC0-301F-11D3-BF4B-00C04F79EFBC}") = "SimgAPI.Infraestrutura", "SimgAPI.Infraestrutura\SimgAPI.Infraestrutura.csproj", "{C7525853-1A30-4A9C-920F-B10BCDFFF211}"
EndProject
Project("{FAE04EC0-301F-11D3-BF4B-00C04F79EFBC}") = "SimgAPI.Dominio", "SimgAPI.Dominio\SimgAPI.Dominio.csproj", "{6724A9B2-DE3A-4C3A-A342-678CA8689E9C}"
EndProject
Global
	GlobalSection(SolutionConfigurationPlatforms) = preSolution
		Debug|Any CPU = Debug|Any CPU
		Release|Any CPU = Release|Any CPU
	EndGlobalSection
	GlobalSection(ProjectConfigurationPlatforms) = postSolution
		{0703657C-0A53-4A4A-9436-44C828938E14}.Debug|Any CPU.ActiveCfg = Debug|Any CPU
		{0703657C-0A53-4A4A-9436-44C828938E14}.Debug|Any CPU.Build.0 = Debug|Any CPU
		{0703657C-0A53-4A4A-9436-44C828938E14}.Release|Any CPU.ActiveCfg = Release|Any CPU
		{0703657C-0A53-4A4A-9436-44C828938E14}.Release|Any CPU.Build.0 = Release|Any CPU
		{C7525853-1A30-4A9C-920F-B10BCDFFF211}.Debug|Any CPU.ActiveCfg = Debug|Any CPU
		{C7525853-1A30-4A9C-920F-B10BCDFFF211}.Debug|Any CPU.Build.0 = Debug|Any CPU
		{C7525853-1A30-4A9C-920F-B10BCDFFF211}.Release|Any CPU.ActiveCfg = Release|Any CPU
		{C7525853-1A30-4A9C-920F-B10BCDFFF211}.Release|Any CPU.Build.0 = Release|Any CPU
		{6724A9B2-DE3A-4C3A-A342-678CA8689E9C}.Debug|Any CPU.ActiveCfg = Debug|Any CPU
		{6724A9B2-DE3A-4C3A-A342-678CA8689E9C}.Debug|Any CPU.Build.0 = Debug|Any CPU
		{6724A9B2-DE3A-4C3A-A342-678CA8689E9C}.Release|Any CPU.ActiveCfg = Release|Any CPU
		{6724A9B2-DE3A-4C3A-A342-678CA8689E9C}.Release|Any CPU.Build.0 = Release|Any CPU
	EndGlobalSection
	GlobalSection(SolutionProperties) = preSolution
		HideSolutionNode = FALSE
	EndGlobalSection
	GlobalSection(ExtensibilityGlobals) = postSolution
		SolutionGuid = {8F594F38-0AA9-41BB-9752-55E822AE3226}
	EndGlobalSection
EndGlobal
